<?xml version="1.0" encoding="utf-8"?>
<Project ToolsVersion="17.0" xmlns="http://schemas.microsoft.com/developer/msbuild/2003">
  <ItemGroup>
    <ClCompile Include="E:\Libraries\PhysX\physx\source\lowlevel\api\src\px_globals.cpp">
      <Filter>API Source</Filter>
    </ClCompile>
    <ClCompile Include="E:\Libraries\PhysX\physx\source\lowlevel\common\src\pipeline\PxcContactCache.cpp">
      <Filter>Common Source\pipeline</Filter>
    </ClCompile>
    <ClCompile Include="E:\Libraries\PhysX\physx\source\lowlevel\common\src\pipeline\PxcContactMethodImpl.cpp">
      <Filter>Common Source\pipeline</Filter>
    </ClCompile>
    <ClCompile Include="E:\Libraries\PhysX\physx\source\lowlevel\common\src\pipeline\PxcMaterialMethodImpl.cpp">
      <Filter>Common Source\pipeline</Filter>
    </ClCompile>
    <ClCompile Include="E:\Libraries\PhysX\physx\source\lowlevel\common\src\pipeline\PxcNpBatch.cpp">
      <Filter>Common Source\pipeline</Filter>
    </ClCompile>
    <ClCompile Include="E:\Libraries\PhysX\physx\source\lowlevel\common\src\pipeline\PxcNpCacheStreamPair.cpp">
      <Filter>Common Source\pipeline</Filter>
    </ClCompile>
    <ClCompile Include="E:\Libraries\PhysX\physx\source\lowlevel\common\src\pipeline\PxcNpContactPrepShared.cpp">
      <Filter>Common Source\pipeline</Filter>
    </ClCompile>
    <ClCompile Include="E:\Libraries\PhysX\physx\source\lowlevel\common\src\pipeline\PxcNpMemBlockPool.cpp">
      <Filter>Common Source\pipeline</Filter>
    </ClCompile>
    <ClCompile Include="E:\Libraries\PhysX\physx\source\lowlevel\common\src\pipeline\PxcNpThreadContext.cpp">
      <Filter>Common Source\pipeline</Filter>
    </ClCompile>
    <ClCompile Include="E:\Libraries\PhysX\physx\source\lowlevel\software\src\PxsCCD.cpp">
      <Filter>Software Source</Filter>
    </ClCompile>
    <ClCompile Include="E:\Libraries\PhysX\physx\source\lowlevel\software\src\PxsContactManager.cpp">
      <Filter>Software Source</Filter>
    </ClCompile>
    <ClCompile Include="E:\Libraries\PhysX\physx\source\lowlevel\software\src\PxsContext.cpp">
      <Filter>Software Source</Filter>
    </ClCompile>
    <ClCompile Include="E:\Libraries\PhysX\physx\source\lowlevel\software\src\PxsDefaultMemoryManager.cpp">
      <Filter>Software Source</Filter>
    </ClCompile>
    <ClCompile Include="E:\Libraries\PhysX\physx\source\lowlevel\software\src\PxsIslandSim.cpp">
      <Filter>Software Source</Filter>
    </ClCompile>
    <ClCompile Include="E:\Libraries\PhysX\physx\source\lowlevel\software\src\PxsNphaseImplementationContext.cpp">
      <Filter>Software Source</Filter>
    </ClCompile>
    <ClCompile Include="E:\Libraries\PhysX\physx\source\lowlevel\software\src\PxsSimpleIslandManager.cpp">
      <Filter>Software Source</Filter>
    </ClCompile>
  </ItemGroup>
  <ItemGroup>
    <ClInclude Include="E:\Libraries\PhysX\physx\source\lowlevel\api\include\PxsMaterialShared.h">
      <Filter>API Includes</Filter>
    </ClInclude>
    <ClInclude Include="E:\Libraries\PhysX\physx\source\lowlevel\api\include\PxsMaterialCore.h">
      <Filter>API Includes</Filter>
    </ClInclude>
    <ClInclude Include="E:\Libraries\PhysX\physx\source\lowlevel\api\include\PxsDeformableSurfaceMaterialCore.h">
      <Filter>API Includes</Filter>
    </ClInclude>
    <ClInclude Include="E:\Libraries\PhysX\physx\source\lowlevel\api\include\PxsDeformableVolumeMaterialCore.h">
      <Filter>API Includes</Filter>
    </ClInclude>
    <ClInclude Include="E:\Libraries\PhysX\physx\source\lowlevel\api\include\PxsPBDMaterialCore.h">
      <Filter>API Includes</Filter>
    </ClInclude>
    <ClInclude Include="E:\Libraries\PhysX\physx\source\lowlevel\api\include\PxsMaterialManager.h">
      <Filter>API Includes</Filter>
    </ClInclude>
    <ClInclude Include="E:\Libraries\PhysX\physx\source\lowlevel\api\include\PxvConfig.h">
      <Filter>API Includes</Filter>
    </ClInclude>
    <ClInclude Include="E:\Libraries\PhysX\physx\source\lowlevel\api\include\PxvDynamics.h">
      <Filter>API Includes</Filter>
    </ClInclude>
    <ClInclude Include="E:\Libraries\PhysX\physx\source\lowlevel\api\include\PxvGeometry.h">
      <Filter>API Includes</Filter>
    </ClInclude>
    <ClInclude Include="E:\Libraries\PhysX\physx\source\lowlevel\api\include\PxvGlobals.h">
      <Filter>API Includes</Filter>
    </ClInclude>
    <ClInclude Include="E:\Libraries\PhysX\physx\source\lowlevel\api\include\PxvManager.h">
      <Filter>API Includes</Filter>
    </ClInclude>
    <ClInclude Include="E:\Libraries\PhysX\physx\source\lowlevel\api\include\PxvSimStats.h">
      <Filter>API Includes</Filter>
    </ClInclude>
    <ClInclude Include="E:\Libraries\PhysX\physx\source\lowlevel\common\include\collision\PxcContactMethodImpl.h">
      <Filter>Common Includes\collision</Filter>
    </ClInclude>
    <ClInclude Include="E:\Libraries\PhysX\physx\source\lowlevel\common\include\pipeline\PxcConstraintBlockStream.h">
      <Filter>Common Includes\pipeline</Filter>
    </ClInclude>
    <ClInclude Include="E:\Libraries\PhysX\physx\source\lowlevel\common\include\pipeline\PxcContactCache.h">
      <Filter>Common Includes\pipeline</Filter>
    </ClInclude>
    <ClInclude Include="E:\Libraries\PhysX\physx\source\lowlevel\common\include\pipeline\PxcMaterialMethodImpl.h">
      <Filter>Common Includes\pipeline</Filter>
    </ClInclude>
    <ClInclude Include="E:\Libraries\PhysX\physx\source\lowlevel\common\include\pipeline\PxcNpBatch.h">
      <Filter>Common Includes\pipeline</Filter>
    </ClInclude>
    <ClInclude Include="E:\Libraries\PhysX\physx\source\lowlevel\common\include\pipeline\PxcNpCache.h">
      <Filter>Common Includes\pipeline</Filter>
    </ClInclude>
    <ClInclude Include="E:\Libraries\PhysX\physx\source\lowlevel\common\include\pipeline\PxcNpCacheStreamPair.h">
      <Filter>Common Includes\pipeline</Filter>
    </ClInclude>
    <ClInclude Include="E:\Libraries\PhysX\physx\source\lowlevel\common\include\pipeline\PxcNpContactPrepShared.h">
      <Filter>Common Includes\pipeline</Filter>
    </ClInclude>
    <ClInclude Include="E:\Libraries\PhysX\physx\source\lowlevel\common\include\pipeline\PxcNpMemBlockPool.h">
      <Filter>Common Includes\pipeline</Filter>
    </ClInclude>
    <ClInclude Include="E:\Libraries\PhysX\physx\source\lowlevel\common\include\pipeline\PxcNpThreadContext.h">
      <Filter>Common Includes\pipeline</Filter>
    </ClInclude>
    <ClInclude Include="E:\Libraries\PhysX\physx\source\lowlevel\common\include\pipeline\PxcNpWorkUnit.h">
      <Filter>Common Includes\pipeline</Filter>
    </ClInclude>
    <ClInclude Include="E:\Libraries\PhysX\physx\source\lowlevel\common\include\utils\PxcScratchAllocator.h">
      <Filter>Common Includes\utils</Filter>
    </ClInclude>
    <ClInclude Include="E:\Libraries\PhysX\physx\source\lowlevel\common\include\utils\PxcThreadCoherentCache.h">
      <Filter>Common Includes\utils</Filter>
    </ClInclude>
    <ClInclude Include="E:\Libraries\PhysX\physx\source\lowlevel\software\include\PxsCCD.h">
      <Filter>Software Includes</Filter>
    </ClInclude>
    <ClInclude Include="E:\Libraries\PhysX\physx\source\lowlevel\software\include\PxsContactManager.h">
      <Filter>Software Includes</Filter>
    </ClInclude>
    <ClInclude Include="E:\Libraries\PhysX\physx\source\lowlevel\software\include\PxsContactManagerState.h">
      <Filter>Software Includes</Filter>
    </ClInclude>
    <ClInclude Include="E:\Libraries\PhysX\physx\source\lowlevel\software\include\PxsContext.h">
      <Filter>Software Includes</Filter>
    </ClInclude>
    <ClInclude Include="E:\Libraries\PhysX\physx\source\lowlevel\software\include\PxsHeapMemoryAllocator.h">
      <Filter>Software Includes</Filter>
    </ClInclude>
    <ClInclude Include="E:\Libraries\PhysX\physx\source\lowlevel\software\include\PxsIslandManagerTypes.h">
      <Filter>Software Includes</Filter>
    </ClInclude>
    <ClInclude Include="E:\Libraries\PhysX\physx\source\lowlevel\software\include\PxsIslandSim.h">
      <Filter>Software Includes</Filter>
    </ClInclude>
    <ClInclude Include="E:\Libraries\PhysX\physx\source\lowlevel\software\include\PxsPartitionEdge.h">
      <Filter>Software Includes</Filter>
    </ClInclude>
    <ClInclude Include="E:\Libraries\PhysX\physx\source\lowlevel\software\include\PxsKernelWrangler.h">
      <Filter>Software Includes</Filter>
    </ClInclude>
    <ClInclude Include="E:\Libraries\PhysX\physx\source\lowlevel\software\include\PxsMaterialCombiner.h">
      <Filter>Software Includes</Filter>
    </ClInclude>
    <ClInclude Include="E:\Libraries\PhysX\physx\source\lowlevel\software\include\PxsMemoryManager.h">
      <Filter>Software Includes</Filter>
    </ClInclude>
    <ClInclude Include="E:\Libraries\PhysX\physx\source\lowlevel\software\include\PxsNphaseImplementationContext.h">
      <Filter>Software Includes</Filter>
    </ClInclude>
    <ClInclude Include="E:\Libraries\PhysX\physx\source\lowlevel\software\include\PxsRigidBody.h">
      <Filter>Software Includes</Filter>
    </ClInclude>
    <ClInclude Include="E:\Libraries\PhysX\physx\source\lowlevel\software\include\PxsParticleBuffer.h">
      <Filter>Software Includes</Filter>
    </ClInclude>
    <ClInclude Include="E:\Libraries\PhysX\physx\source\lowlevel\software\include\PxsSimpleIslandManager.h">
      <Filter>Software Includes</Filter>
    </ClInclude>
    <ClInclude Include="E:\Libraries\PhysX\physx\source\lowlevel\software\include\PxsSimulationController.h">
      <Filter>Software Includes</Filter>
    </ClInclude>
    <ClInclude Include="E:\Libraries\PhysX\physx\source\lowlevel\software\include\PxsTransformCache.h">
      <Filter>Software Includes</Filter>
    </ClInclude>
    <ClInclude Include="E:\Libraries\PhysX\physx\source\lowlevel\software\include\PxsNphaseCommon.h">
      <Filter>Software Includes</Filter>
    </ClInclude>
    <ClInclude Include="E:\Libraries\PhysX\physx\source\lowlevel\software\include\PxvNphaseImplementationContext.h">
      <Filter>Software Includes</Filter>
    </ClInclude>
  </ItemGroup>
  <ItemGroup>
    <CustomBuild Include="E:\Libraries\PhysX\physx\source\compiler\cmake\CMakeLists.txt" />
  </ItemGroup>
  <ItemGroup>
    <Filter Include="API Includes">
      <UniqueIdentifier>{34589DFB-AC32-339E-81FC-4BC1205D7DA2}</UniqueIdentifier>
    </Filter>
    <Filter Include="API Source">
      <UniqueIdentifier>{DCD9CEC9-50AD-3563-BE62-8AA16BB79935}</UniqueIdentifier>
    </Filter>
    <Filter Include="Common Includes">
      <UniqueIdentifier>{91420BFB-1A1A-3C9F-9D6D-C5006F72D3DA}</UniqueIdentifier>
    </Filter>
    <Filter Include="Common Includes\collision">
      <UniqueIdentifier>{9A6D4D49-C86A-3870-A521-BD81BD51CADA}</UniqueIdentifier>
    </Filter>
    <Filter Include="Common Includes\pipeline">
      <UniqueIdentifier>{2DD2ED78-BFE5-38F5-9290-1335B2F3DD4A}</UniqueIdentifier>
    </Filter>
    <Filter Include="Common Includes\utils">
      <UniqueIdentifier>{45FF62BE-DC1C-39FF-8B0A-4DEBE4D577BA}</UniqueIdentifier>
    </Filter>
    <Filter Include="Common Source">
      <UniqueIdentifier>{1E97D3A7-1D0B-3011-8F6B-292B7A7FD9AD}</UniqueIdentifier>
    </Filter>
    <Filter Include="Common Source\pipeline">
      <UniqueIdentifier>{321C9D8C-C6F8-3CE5-B8B7-9AFBBE075BFD}</UniqueIdentifier>
    </Filter>
    <Filter Include="Software Includes">
      <UniqueIdentifier>{1181B414-5250-3EA2-BB48-B590B8358CE6}</UniqueIdentifier>
    </Filter>
    <Filter Include="Software Source">
      <UniqueIdentifier>{823DB4D0-9264-3DB8-B9F2-BB8C68E624F5}</UniqueIdentifier>
    </Filter>
  </ItemGroup>
</Project>
