<?xml version="1.0" encoding="utf-8"?>
<Project ToolsVersion="17.0" xmlns="http://schemas.microsoft.com/developer/msbuild/2003">
  <ItemGroup>
    <ClCompile Include="E:\Libraries\PhysX\physx\source\physx\src\omnipvd\NpOmniPvd.cpp">
      <Filter>src\omnipvd</Filter>
    </ClCompile>
    <ClCompile Include="E:\Libraries\PhysX\physx\source\physx\src\omnipvd\NpOmniPvdRegistrationData.cpp">
      <Filter>src\omnipvd</Filter>
    </ClCompile>
    <ClCompile Include="E:\Libraries\PhysX\physx\source\physx\src\omnipvd\NpOmniPvdMetaData.cpp">
      <Filter>src\omnipvd</Filter>
    </ClCompile>
    <ClCompile Include="E:\Libraries\PhysX\physx\source\physx\src\omnipvd\NpOmniPvdSimulationControllerCallbacks.cpp">
      <Filter>src\omnipvd</Filter>
    </ClCompile>
    <ClCompile Include="E:\Libraries\PhysX\physx\source\physx\src\omnipvd\OmniPvdPxSampler.cpp">
      <Filter>src\omnipvd</Filter>
    </ClCompile>
    <ClCompile Include="E:\Libraries\PhysX\physx\source\physx\src\omnipvd\OmniPvdChunkAlloc.cpp">
      <Filter>src\omnipvd</Filter>
    </ClCompile>
    <ClCompile Include="E:\Libraries\PhysX\physx\source\physx\src\NpPvdSceneClient.cpp">
      <Filter>src\pvd</Filter>
    </ClCompile>
    <ClCompile Include="E:\Libraries\PhysX\physx\source\physx\src\NpPvdSceneQueryCollector.cpp">
      <Filter>src\pvd</Filter>
    </ClCompile>
    <ClCompile Include="E:\Libraries\PhysX\physx\source\physx\src\PvdMetaDataPvdBinding.cpp">
      <Filter>src\pvd</Filter>
    </ClCompile>
    <ClCompile Include="E:\Libraries\PhysX\physx\source\physx\src\PvdPhysicsClient.cpp">
      <Filter>src\pvd</Filter>
    </ClCompile>
    <ClCompile Include="E:\Libraries\PhysX\physx\source\physxmetadata\core\src\PxAutoGeneratedMetaDataObjects.cpp">
      <Filter>metadata\src</Filter>
    </ClCompile>
    <ClCompile Include="E:\Libraries\PhysX\physx\source\physxmetadata\core\src\PxMetaDataObjects.cpp">
      <Filter>metadata\src</Filter>
    </ClCompile>
    <ClCompile Include="E:\Libraries\PhysX\physx\source\physx\src\NpActor.cpp">
      <Filter>src</Filter>
    </ClCompile>
    <ClCompile Include="E:\Libraries\PhysX\physx\source\physx\src\NpAggregate.cpp">
      <Filter>src</Filter>
    </ClCompile>
    <ClCompile Include="E:\Libraries\PhysX\physx\source\physx\src\NpDeformableAttachment.cpp">
      <Filter>src</Filter>
    </ClCompile>
    <ClCompile Include="E:\Libraries\PhysX\physx\source\physx\src\NpDeformableElementFilter.cpp">
      <Filter>src</Filter>
    </ClCompile>
    <ClCompile Include="E:\Libraries\PhysX\physx\source\physx\src\NpDeformableSurface.cpp">
      <Filter>src</Filter>
    </ClCompile>
    <ClCompile Include="E:\Libraries\PhysX\physx\source\physx\src\NpDeformableVolume.cpp">
      <Filter>src</Filter>
    </ClCompile>
    <ClCompile Include="E:\Libraries\PhysX\physx\source\physx\src\NpPBDParticleSystem.cpp">
      <Filter>src</Filter>
    </ClCompile>
    <ClCompile Include="E:\Libraries\PhysX\physx\source\physx\src\NpParticleBuffer.cpp">
      <Filter>src</Filter>
    </ClCompile>
    <ClCompile Include="E:\Libraries\PhysX\physx\source\physx\src\NpConstraint.cpp">
      <Filter>src</Filter>
    </ClCompile>
    <ClCompile Include="E:\Libraries\PhysX\physx\source\physx\src\NpFactory.cpp">
      <Filter>src</Filter>
    </ClCompile>
    <ClCompile Include="E:\Libraries\PhysX\physx\source\physx\src\NpPhysics.cpp">
      <Filter>src</Filter>
    </ClCompile>
    <ClCompile Include="E:\Libraries\PhysX\physx\source\physx\src\NpBounds.cpp">
      <Filter>src</Filter>
    </ClCompile>
    <ClCompile Include="E:\Libraries\PhysX\physx\source\physx\src\NpPruningStructure.cpp">
      <Filter>src</Filter>
    </ClCompile>
    <ClCompile Include="E:\Libraries\PhysX\physx\source\physx\src\NpCheck.cpp">
      <Filter>src</Filter>
    </ClCompile>
    <ClCompile Include="E:\Libraries\PhysX\physx\source\physx\src\NpRigidDynamic.cpp">
      <Filter>src</Filter>
    </ClCompile>
    <ClCompile Include="E:\Libraries\PhysX\physx\source\physx\src\NpRigidStatic.cpp">
      <Filter>src</Filter>
    </ClCompile>
    <ClCompile Include="E:\Libraries\PhysX\physx\source\physx\src\NpScene.cpp">
      <Filter>src</Filter>
    </ClCompile>
    <ClCompile Include="E:\Libraries\PhysX\physx\source\physx\src\NpSceneFetchResults.cpp">
      <Filter>src</Filter>
    </ClCompile>
    <ClCompile Include="E:\Libraries\PhysX\physx\source\physx\src\NpSceneQueries.cpp">
      <Filter>src</Filter>
    </ClCompile>
    <ClCompile Include="E:\Libraries\PhysX\physx\source\physx\src\NpSerializerAdapter.cpp">
      <Filter>src</Filter>
    </ClCompile>
    <ClCompile Include="E:\Libraries\PhysX\physx\source\physx\src\NpShape.cpp">
      <Filter>src</Filter>
    </ClCompile>
    <ClCompile Include="E:\Libraries\PhysX\physx\source\physx\src\NpShapeManager.cpp">
      <Filter>src</Filter>
    </ClCompile>
    <ClCompile Include="E:\Libraries\PhysX\physx\source\physx\src\NpDebugViz.cpp">
      <Filter>src</Filter>
    </ClCompile>
    <ClCompile Include="E:\Libraries\PhysX\physx\source\physx\src\NpDirectGPUAPI.cpp">
      <Filter>src</Filter>
    </ClCompile>
    <ClCompile Include="E:\Libraries\PhysX\physx\source\immediatemode\src\NpImmediateMode.cpp">
      <Filter>src\immediatemode</Filter>
    </ClCompile>
    <ClCompile Include="E:\Libraries\PhysX\physx\source\physx\src\NpMaterial.cpp">
      <Filter>src\materials</Filter>
    </ClCompile>
    <ClCompile Include="E:\Libraries\PhysX\physx\source\physx\src\NpDeformableSurfaceMaterial.cpp">
      <Filter>src\materials</Filter>
    </ClCompile>
    <ClCompile Include="E:\Libraries\PhysX\physx\source\physx\src\NpDeformableVolumeMaterial.cpp">
      <Filter>src\materials</Filter>
    </ClCompile>
    <ClCompile Include="E:\Libraries\PhysX\physx\source\physx\src\NpPBDMaterial.cpp">
      <Filter>src\materials</Filter>
    </ClCompile>
    <ClCompile Include="E:\Libraries\PhysX\physx\source\physx\src\NpArticulationReducedCoordinate.cpp">
      <Filter>src\articulations</Filter>
    </ClCompile>
    <ClCompile Include="E:\Libraries\PhysX\physx\source\physx\src\NpArticulationJointReducedCoordinate.cpp">
      <Filter>src\articulations</Filter>
    </ClCompile>
    <ClCompile Include="E:\Libraries\PhysX\physx\source\physx\src\NpArticulationLink.cpp">
      <Filter>src\articulations</Filter>
    </ClCompile>
    <ClCompile Include="E:\Libraries\PhysX\physx\source\physx\src\NpArticulationTendon.cpp">
      <Filter>src\articulations</Filter>
    </ClCompile>
    <ClCompile Include="E:\Libraries\PhysX\physx\source\physx\src\NpArticulationMimicJoint.cpp">
      <Filter>src\articulations</Filter>
    </ClCompile>
    <ClCompile Include="E:\Libraries\PhysX\physx\source\physx\src\gpu\PxGpu.cpp">
      <Filter>src\gpu</Filter>
    </ClCompile>
    <ClCompile Include="E:\Libraries\PhysX\physx\source\physx\src\gpu\PxPhysXGpuModuleLoader.cpp">
      <Filter>src\gpu</Filter>
    </ClCompile>
    <ClCompile Include="E:\Libraries\PhysX\physx\source\physx\src\windows\NpWindowsDelayLoadHook.cpp">
      <Filter>src\windows</Filter>
    </ClCompile>
  </ItemGroup>
  <ItemGroup>
    <ClInclude Include="E:\Libraries\PhysX\physx\include\PxActor.h">
      <Filter>include</Filter>
    </ClInclude>
    <ClInclude Include="E:\Libraries\PhysX\physx\include\PxAggregate.h">
      <Filter>include</Filter>
    </ClInclude>
    <ClInclude Include="E:\Libraries\PhysX\physx\include\PxArticulationFlag.h">
      <Filter>include</Filter>
    </ClInclude>
    <ClInclude Include="E:\Libraries\PhysX\physx\include\PxArticulationJointReducedCoordinate.h">
      <Filter>include</Filter>
    </ClInclude>
    <ClInclude Include="E:\Libraries\PhysX\physx\include\PxArticulationLink.h">
      <Filter>include</Filter>
    </ClInclude>
    <ClInclude Include="E:\Libraries\PhysX\physx\include\PxArticulationReducedCoordinate.h">
      <Filter>include</Filter>
    </ClInclude>
    <ClInclude Include="E:\Libraries\PhysX\physx\include\PxArticulationTendon.h">
      <Filter>include</Filter>
    </ClInclude>
    <ClInclude Include="E:\Libraries\PhysX\physx\include\PxArticulationTendonData.h">
      <Filter>include</Filter>
    </ClInclude>
    <ClInclude Include="E:\Libraries\PhysX\physx\include\PxArticulationMimicJoint.h">
      <Filter>include</Filter>
    </ClInclude>
    <ClInclude Include="E:\Libraries\PhysX\physx\include\PxBroadPhase.h">
      <Filter>include</Filter>
    </ClInclude>
    <ClInclude Include="E:\Libraries\PhysX\physx\include\PxClient.h">
      <Filter>include</Filter>
    </ClInclude>
    <ClInclude Include="E:\Libraries\PhysX\physx\include\PxConeLimitedConstraint.h">
      <Filter>include</Filter>
    </ClInclude>
    <ClInclude Include="E:\Libraries\PhysX\physx\include\PxConstraint.h">
      <Filter>include</Filter>
    </ClInclude>
    <ClInclude Include="E:\Libraries\PhysX\physx\include\PxConstraintDesc.h">
      <Filter>include</Filter>
    </ClInclude>
    <ClInclude Include="E:\Libraries\PhysX\physx\include\PxContact.h">
      <Filter>include</Filter>
    </ClInclude>
    <ClInclude Include="E:\Libraries\PhysX\physx\include\PxContactModifyCallback.h">
      <Filter>include</Filter>
    </ClInclude>
    <ClInclude Include="E:\Libraries\PhysX\physx\include\PxDeformableAttachment.h">
      <Filter>include</Filter>
    </ClInclude>
    <ClInclude Include="E:\Libraries\PhysX\physx\include\PxDeformableElementFilter.h">
      <Filter>include</Filter>
    </ClInclude>
    <ClInclude Include="E:\Libraries\PhysX\physx\include\PxDeformableBody.h">
      <Filter>include</Filter>
    </ClInclude>
    <ClInclude Include="E:\Libraries\PhysX\physx\include\PxDeformableBodyFlag.h">
      <Filter>include</Filter>
    </ClInclude>
    <ClInclude Include="E:\Libraries\PhysX\physx\include\PxDeformableSurface.h">
      <Filter>include</Filter>
    </ClInclude>
    <ClInclude Include="E:\Libraries\PhysX\physx\include\PxDeformableSurfaceFlag.h">
      <Filter>include</Filter>
    </ClInclude>
    <ClInclude Include="E:\Libraries\PhysX\physx\include\PxDeformableVolume.h">
      <Filter>include</Filter>
    </ClInclude>
    <ClInclude Include="E:\Libraries\PhysX\physx\include\PxDeformableVolumeFlag.h">
      <Filter>include</Filter>
    </ClInclude>
    <ClInclude Include="E:\Libraries\PhysX\physx\include\PxDeletionListener.h">
      <Filter>include</Filter>
    </ClInclude>
    <ClInclude Include="E:\Libraries\PhysX\physx\include\PxFEMParameter.h">
      <Filter>include</Filter>
    </ClInclude>
    <ClInclude Include="E:\Libraries\PhysX\physx\include\PxFiltering.h">
      <Filter>include</Filter>
    </ClInclude>
    <ClInclude Include="E:\Libraries\PhysX\physx\include\PxForceMode.h">
      <Filter>include</Filter>
    </ClInclude>
    <ClInclude Include="E:\Libraries\PhysX\physx\include\PxImmediateMode.h">
      <Filter>include</Filter>
    </ClInclude>
    <ClInclude Include="E:\Libraries\PhysX\physx\include\PxLockedData.h">
      <Filter>include</Filter>
    </ClInclude>
    <ClInclude Include="E:\Libraries\PhysX\physx\include\PxNodeIndex.h">
      <Filter>include</Filter>
    </ClInclude>
    <ClInclude Include="E:\Libraries\PhysX\physx\include\PxParticleBuffer.h">
      <Filter>include</Filter>
    </ClInclude>
    <ClInclude Include="E:\Libraries\PhysX\physx\include\PxParticleGpu.h">
      <Filter>include</Filter>
    </ClInclude>
    <ClInclude Include="E:\Libraries\PhysX\physx\include\PxParticleSolverType.h">
      <Filter>include</Filter>
    </ClInclude>
    <ClInclude Include="E:\Libraries\PhysX\physx\include\PxParticleSystem.h">
      <Filter>include</Filter>
    </ClInclude>
    <ClInclude Include="E:\Libraries\PhysX\physx\include\PxParticleSystemFlag.h">
      <Filter>include</Filter>
    </ClInclude>
    <ClInclude Include="E:\Libraries\PhysX\physx\include\PxPBDParticleSystem.h">
      <Filter>include</Filter>
    </ClInclude>
    <ClInclude Include="E:\Libraries\PhysX\physx\include\PxPhysics.h">
      <Filter>include</Filter>
    </ClInclude>
    <ClInclude Include="E:\Libraries\PhysX\physx\include\PxPhysicsAPI.h">
      <Filter>include</Filter>
    </ClInclude>
    <ClInclude Include="E:\Libraries\PhysX\physx\include\PxPhysicsSerialization.h">
      <Filter>include</Filter>
    </ClInclude>
    <ClInclude Include="E:\Libraries\PhysX\physx\include\PxPhysXConfig.h">
      <Filter>include</Filter>
    </ClInclude>
    <ClInclude Include="E:\Libraries\PhysX\physx\include\PxPruningStructure.h">
      <Filter>include</Filter>
    </ClInclude>
    <ClInclude Include="E:\Libraries\PhysX\physx\include\PxQueryFiltering.h">
      <Filter>include</Filter>
    </ClInclude>
    <ClInclude Include="E:\Libraries\PhysX\physx\include\PxQueryReport.h">
      <Filter>include</Filter>
    </ClInclude>
    <ClInclude Include="E:\Libraries\PhysX\physx\include\PxRigidActor.h">
      <Filter>include</Filter>
    </ClInclude>
    <ClInclude Include="E:\Libraries\PhysX\physx\include\PxRigidBody.h">
      <Filter>include</Filter>
    </ClInclude>
    <ClInclude Include="E:\Libraries\PhysX\physx\include\PxRigidDynamic.h">
      <Filter>include</Filter>
    </ClInclude>
    <ClInclude Include="E:\Libraries\PhysX\physx\include\PxRigidStatic.h">
      <Filter>include</Filter>
    </ClInclude>
    <ClInclude Include="E:\Libraries\PhysX\physx\include\PxScene.h">
      <Filter>include</Filter>
    </ClInclude>
    <ClInclude Include="E:\Libraries\PhysX\physx\include\PxSceneDesc.h">
      <Filter>include</Filter>
    </ClInclude>
    <ClInclude Include="E:\Libraries\PhysX\physx\include\PxSceneLock.h">
      <Filter>include</Filter>
    </ClInclude>
    <ClInclude Include="E:\Libraries\PhysX\physx\include\PxSceneQueryDesc.h">
      <Filter>include</Filter>
    </ClInclude>
    <ClInclude Include="E:\Libraries\PhysX\physx\include\PxSceneQuerySystem.h">
      <Filter>include</Filter>
    </ClInclude>
    <ClInclude Include="E:\Libraries\PhysX\physx\include\PxShape.h">
      <Filter>include</Filter>
    </ClInclude>
    <ClInclude Include="E:\Libraries\PhysX\physx\include\PxSimulationEventCallback.h">
      <Filter>include</Filter>
    </ClInclude>
    <ClInclude Include="E:\Libraries\PhysX\physx\include\PxSimulationStatistics.h">
      <Filter>include</Filter>
    </ClInclude>
    <ClInclude Include="E:\Libraries\PhysX\physx\include\PxSoftBody.h">
      <Filter>include</Filter>
    </ClInclude>
    <ClInclude Include="E:\Libraries\PhysX\physx\include\PxSoftBodyFlag.h">
      <Filter>include</Filter>
    </ClInclude>
    <ClInclude Include="E:\Libraries\PhysX\physx\include\PxSparseGridParams.h">
      <Filter>include</Filter>
    </ClInclude>
    <ClInclude Include="E:\Libraries\PhysX\physx\include\PxVisualizationParameter.h">
      <Filter>include</Filter>
    </ClInclude>
    <ClInclude Include="E:\Libraries\PhysX\physx\include\PxIsosurfaceExtraction.h">
      <Filter>include</Filter>
    </ClInclude>
    <ClInclude Include="E:\Libraries\PhysX\physx\include\PxSmoothing.h">
      <Filter>include</Filter>
    </ClInclude>
    <ClInclude Include="E:\Libraries\PhysX\physx\include\PxAnisotropy.h">
      <Filter>include</Filter>
    </ClInclude>
    <ClInclude Include="E:\Libraries\PhysX\physx\include\PxParticleNeighborhoodProvider.h">
      <Filter>include</Filter>
    </ClInclude>
    <ClInclude Include="E:\Libraries\PhysX\physx\include\PxArrayConverter.h">
      <Filter>include</Filter>
    </ClInclude>
    <ClInclude Include="E:\Libraries\PhysX\physx\include\PxSDFBuilder.h">
      <Filter>include</Filter>
    </ClInclude>
    <ClInclude Include="E:\Libraries\PhysX\physx\include\PxResidual.h">
      <Filter>include</Filter>
    </ClInclude>
    <ClInclude Include="E:\Libraries\PhysX\physx\include\PxDirectGPUAPI.h">
      <Filter>include</Filter>
    </ClInclude>
    <ClInclude Include="E:\Libraries\PhysX\physx\include\PxDeformableSkinning.h">
      <Filter>include</Filter>
    </ClInclude>
    <ClInclude Include="E:\Libraries\PhysX\physx\include\common\PxBase.h">
      <Filter>include\common</Filter>
    </ClInclude>
    <ClInclude Include="E:\Libraries\PhysX\physx\include\common\PxCollection.h">
      <Filter>include\common</Filter>
    </ClInclude>
    <ClInclude Include="E:\Libraries\PhysX\physx\include\common\PxCoreUtilityTypes.h">
      <Filter>include\common</Filter>
    </ClInclude>
    <ClInclude Include="E:\Libraries\PhysX\physx\include\common\PxInsertionCallback.h">
      <Filter>include\common</Filter>
    </ClInclude>
    <ClInclude Include="E:\Libraries\PhysX\physx\include\common\PxPhysXCommonConfig.h">
      <Filter>include\common</Filter>
    </ClInclude>
    <ClInclude Include="E:\Libraries\PhysX\physx\include\common\PxProfileZone.h">
      <Filter>include\common</Filter>
    </ClInclude>
    <ClInclude Include="E:\Libraries\PhysX\physx\include\common\PxRenderBuffer.h">
      <Filter>include\common</Filter>
    </ClInclude>
    <ClInclude Include="E:\Libraries\PhysX\physx\include\common\PxRenderOutput.h">
      <Filter>include\common</Filter>
    </ClInclude>
    <ClInclude Include="E:\Libraries\PhysX\physx\include\common\PxSerialFramework.h">
      <Filter>include\common</Filter>
    </ClInclude>
    <ClInclude Include="E:\Libraries\PhysX\physx\include\common\PxSerializer.h">
      <Filter>include\common</Filter>
    </ClInclude>
    <ClInclude Include="E:\Libraries\PhysX\physx\include\common\PxStringTable.h">
      <Filter>include\common</Filter>
    </ClInclude>
    <ClInclude Include="E:\Libraries\PhysX\physx\include\common\PxTolerancesScale.h">
      <Filter>include\common</Filter>
    </ClInclude>
    <ClInclude Include="E:\Libraries\PhysX\physx\include\common\PxTypeInfo.h">
      <Filter>include\common</Filter>
    </ClInclude>
    <ClInclude Include="E:\Libraries\PhysX\physx\include\PxBaseMaterial.h">
      <Filter>include\materials</Filter>
    </ClInclude>
    <ClInclude Include="E:\Libraries\PhysX\physx\include\PxDeformableMaterial.h">
      <Filter>include\materials</Filter>
    </ClInclude>
    <ClInclude Include="E:\Libraries\PhysX\physx\include\PxDeformableSurfaceMaterial.h">
      <Filter>include\materials</Filter>
    </ClInclude>
    <ClInclude Include="E:\Libraries\PhysX\physx\include\PxDeformableVolumeMaterial.h">
      <Filter>include\materials</Filter>
    </ClInclude>
    <ClInclude Include="E:\Libraries\PhysX\physx\include\PxFEMMaterial.h">
      <Filter>include\materials</Filter>
    </ClInclude>
    <ClInclude Include="E:\Libraries\PhysX\physx\include\PxFEMSoftBodyMaterial.h">
      <Filter>include\materials</Filter>
    </ClInclude>
    <ClInclude Include="E:\Libraries\PhysX\physx\include\PxParticleMaterial.h">
      <Filter>include\materials</Filter>
    </ClInclude>
    <ClInclude Include="E:\Libraries\PhysX\physx\include\PxPBDMaterial.h">
      <Filter>include\materials</Filter>
    </ClInclude>
    <ClInclude Include="E:\Libraries\PhysX\physx\include\PxMaterial.h">
      <Filter>include\materials</Filter>
    </ClInclude>
    <ClInclude Include="E:\Libraries\PhysX\physx\include\pvd\PxPvdSceneClient.h">
      <Filter>include\pvd</Filter>
    </ClInclude>
    <ClInclude Include="E:\Libraries\PhysX\physx\include\pvd\PxPvd.h">
      <Filter>include</Filter>
    </ClInclude>
    <ClInclude Include="E:\Libraries\PhysX\physx\include\pvd\PxPvdTransport.h">
      <Filter>include</Filter>
    </ClInclude>
    <ClInclude Include="E:\Libraries\PhysX\physx\include\omnipvd\PxOmniPvd.h">
      <Filter>include\omnipvd</Filter>
    </ClInclude>
    <ClInclude Include="E:\Libraries\PhysX\physx\source\physx\src\omnipvd\NpOmniPvd.h">
      <Filter>src\omnipvd</Filter>
    </ClInclude>
    <ClInclude Include="E:\Libraries\PhysX\physx\source\physx\src\omnipvd\NpOmniPvdRegistrationData.h">
      <Filter>src\omnipvd</Filter>
    </ClInclude>
    <ClInclude Include="E:\Libraries\PhysX\physx\source\physx\src\omnipvd\NpOmniPvdSetData.h">
      <Filter>src\omnipvd</Filter>
    </ClInclude>
    <ClInclude Include="E:\Libraries\PhysX\physx\source\physx\src\omnipvd\NpOmniPvdMetaData.h">
      <Filter>src\omnipvd</Filter>
    </ClInclude>
    <ClInclude Include="E:\Libraries\PhysX\physx\source\physx\src\omnipvd\NpOmniPvdSimulationControllerCallbacks.h">
      <Filter>src\omnipvd</Filter>
    </ClInclude>
    <ClInclude Include="E:\Libraries\PhysX\physx\source\physx\src\omnipvd\OmniPvdPxSampler.h">
      <Filter>src\omnipvd</Filter>
    </ClInclude>
    <ClInclude Include="E:\Libraries\PhysX\physx\source\physx\src\omnipvd\OmniPvdChunkAlloc.h">
      <Filter>src\omnipvd</Filter>
    </ClInclude>
    <ClInclude Include="E:\Libraries\PhysX\physx\source\physx\src\omnipvd\OmniPvdTypes.h">
      <Filter>src\omnipvd</Filter>
    </ClInclude>
    <ClInclude Include="E:\Libraries\PhysX\physx\source\physx\src\NpPvdSceneClient.h">
      <Filter>src\pvd</Filter>
    </ClInclude>
    <ClInclude Include="E:\Libraries\PhysX\physx\source\physx\src\NpPvdSceneQueryCollector.h">
      <Filter>src\pvd</Filter>
    </ClInclude>
    <ClInclude Include="E:\Libraries\PhysX\physx\source\physx\src\PvdMetaDataBindingData.h">
      <Filter>src\pvd</Filter>
    </ClInclude>
    <ClInclude Include="E:\Libraries\PhysX\physx\source\physx\src\PvdMetaDataPvdBinding.h">
      <Filter>src\pvd</Filter>
    </ClInclude>
    <ClInclude Include="E:\Libraries\PhysX\physx\source\physx\src\PvdPhysicsClient.h">
      <Filter>src\pvd</Filter>
    </ClInclude>
    <ClInclude Include="E:\Libraries\PhysX\physx\source\physx\src\PvdTypeNames.h">
      <Filter>src\pvd</Filter>
    </ClInclude>
    <ClInclude Include="E:\Libraries\PhysX\physx\include\solver\PxSolverDefs.h">
      <Filter>include\solver</Filter>
    </ClInclude>
    <ClInclude Include="E:\Libraries\PhysX\physx\include\collision\PxCollisionDefs.h">
      <Filter>include\collision</Filter>
    </ClInclude>
    <ClInclude Include="E:\Libraries\PhysX\physx\source\physxmetadata\core\include\PvdMetaDataDefineProperties.h">
      <Filter>metadata\include</Filter>
    </ClInclude>
    <ClInclude Include="E:\Libraries\PhysX\physx\source\physxmetadata\core\include\PvdMetaDataExtensions.h">
      <Filter>metadata\include</Filter>
    </ClInclude>
    <ClInclude Include="E:\Libraries\PhysX\physx\source\physxmetadata\core\include\PvdMetaDataPropertyVisitor.h">
      <Filter>metadata\include</Filter>
    </ClInclude>
    <ClInclude Include="E:\Libraries\PhysX\physx\source\physxmetadata\core\include\PxAutoGeneratedMetaDataObjectNames.h">
      <Filter>metadata\include</Filter>
    </ClInclude>
    <ClInclude Include="E:\Libraries\PhysX\physx\source\physxmetadata\core\include\PxAutoGeneratedMetaDataObjects.h">
      <Filter>metadata\include</Filter>
    </ClInclude>
    <ClInclude Include="E:\Libraries\PhysX\physx\source\physxmetadata\core\include\PxMetaDataCompare.h">
      <Filter>metadata\include</Filter>
    </ClInclude>
    <ClInclude Include="E:\Libraries\PhysX\physx\source\physxmetadata\core\include\PxMetaDataCppPrefix.h">
      <Filter>metadata\include</Filter>
    </ClInclude>
    <ClInclude Include="E:\Libraries\PhysX\physx\source\physxmetadata\core\include\PxMetaDataObjects.h">
      <Filter>metadata\include</Filter>
    </ClInclude>
    <ClInclude Include="E:\Libraries\PhysX\physx\source\physxmetadata\core\include\RepXMetaDataPropertyVisitor.h">
      <Filter>metadata\include</Filter>
    </ClInclude>
    <ClInclude Include="E:\Libraries\PhysX\physx\source\physx\src\NpBounds.h">
      <Filter>src</Filter>
    </ClInclude>
    <ClInclude Include="E:\Libraries\PhysX\physx\source\physx\src\NpPruningStructure.h">
      <Filter>src</Filter>
    </ClInclude>
    <ClInclude Include="E:\Libraries\PhysX\physx\source\physx\src\NpBase.h">
      <Filter>src</Filter>
    </ClInclude>
    <ClInclude Include="E:\Libraries\PhysX\physx\source\physx\src\NpActor.h">
      <Filter>src</Filter>
    </ClInclude>
    <ClInclude Include="E:\Libraries\PhysX\physx\source\physx\src\NpActorTemplate.h">
      <Filter>src</Filter>
    </ClInclude>
    <ClInclude Include="E:\Libraries\PhysX\physx\source\physx\src\NpAggregate.h">
      <Filter>src</Filter>
    </ClInclude>
    <ClInclude Include="E:\Libraries\PhysX\physx\source\physx\src\NpDeformableSurface.h">
      <Filter>src</Filter>
    </ClInclude>
    <ClInclude Include="E:\Libraries\PhysX\physx\source\physx\src\NpDeformableVolume.h">
      <Filter>src</Filter>
    </ClInclude>
    <ClInclude Include="E:\Libraries\PhysX\physx\source\physx\src\NpDeformableAttachment.h">
      <Filter>src</Filter>
    </ClInclude>
    <ClInclude Include="E:\Libraries\PhysX\physx\source\physx\src\NpDeformableElementFilter.h">
      <Filter>src</Filter>
    </ClInclude>
    <ClInclude Include="E:\Libraries\PhysX\physx\source\physx\src\NpPBDParticleSystem.h">
      <Filter>src</Filter>
    </ClInclude>
    <ClInclude Include="E:\Libraries\PhysX\physx\source\physx\src\NpParticleBuffer.h">
      <Filter>src</Filter>
    </ClInclude>
    <ClInclude Include="E:\Libraries\PhysX\physx\source\physx\src\NpConnector.h">
      <Filter>src</Filter>
    </ClInclude>
    <ClInclude Include="E:\Libraries\PhysX\physx\source\physx\src\NpConstraint.h">
      <Filter>src</Filter>
    </ClInclude>
    <ClInclude Include="E:\Libraries\PhysX\physx\source\physx\src\NpFactory.h">
      <Filter>src</Filter>
    </ClInclude>
    <ClInclude Include="E:\Libraries\PhysX\physx\source\physx\src\NpMaterialManager.h">
      <Filter>src</Filter>
    </ClInclude>
    <ClInclude Include="E:\Libraries\PhysX\physx\source\physx\src\NpPhysics.h">
      <Filter>src</Filter>
    </ClInclude>
    <ClInclude Include="E:\Libraries\PhysX\physx\source\physx\src\NpPhysicsInsertionCallback.h">
      <Filter>src</Filter>
    </ClInclude>
    <ClInclude Include="E:\Libraries\PhysX\physx\source\physx\src\NpPtrTableStorageManager.h">
      <Filter>src</Filter>
    </ClInclude>
    <ClInclude Include="E:\Libraries\PhysX\physx\source\physx\src\NpCheck.h">
      <Filter>src</Filter>
    </ClInclude>
    <ClInclude Include="E:\Libraries\PhysX\physx\source\physx\src\NpRigidActorTemplate.h">
      <Filter>src</Filter>
    </ClInclude>
    <ClInclude Include="E:\Libraries\PhysX\physx\source\physx\src\NpRigidActorTemplateInternal.h">
      <Filter>src</Filter>
    </ClInclude>
    <ClInclude Include="E:\Libraries\PhysX\physx\source\physx\src\NpRigidBodyTemplate.h">
      <Filter>src</Filter>
    </ClInclude>
    <ClInclude Include="E:\Libraries\PhysX\physx\source\physx\src\NpRigidDynamic.h">
      <Filter>src</Filter>
    </ClInclude>
    <ClInclude Include="E:\Libraries\PhysX\physx\source\physx\src\NpRigidStatic.h">
      <Filter>src</Filter>
    </ClInclude>
    <ClInclude Include="E:\Libraries\PhysX\physx\source\physx\src\NpScene.h">
      <Filter>src</Filter>
    </ClInclude>
    <ClInclude Include="E:\Libraries\PhysX\physx\source\physx\src\NpSceneQueries.h">
      <Filter>src</Filter>
    </ClInclude>
    <ClInclude Include="E:\Libraries\PhysX\physx\source\physx\src\NpSceneAccessor.h">
      <Filter>src</Filter>
    </ClInclude>
    <ClInclude Include="E:\Libraries\PhysX\physx\source\physx\src\NpShape.h">
      <Filter>src</Filter>
    </ClInclude>
    <ClInclude Include="E:\Libraries\PhysX\physx\source\physx\src\NpShapeManager.h">
      <Filter>src</Filter>
    </ClInclude>
    <ClInclude Include="E:\Libraries\PhysX\physx\source\physx\src\NpDebugViz.h">
      <Filter>src</Filter>
    </ClInclude>
    <ClInclude Include="E:\Libraries\PhysX\physx\source\physx\src\NpDirectGPUAPI.h">
      <Filter>src</Filter>
    </ClInclude>
    <ClInclude Include="E:\Libraries\PhysX\physx\source\physx\src\NpMaterial.h">
      <Filter>src\materials</Filter>
    </ClInclude>
    <ClInclude Include="E:\Libraries\PhysX\physx\source\physx\src\NpDeformableSurfaceMaterial.h">
      <Filter>src\materials</Filter>
    </ClInclude>
    <ClInclude Include="E:\Libraries\PhysX\physx\source\physx\src\NpDeformableVolumeMaterial.h">
      <Filter>src\materials</Filter>
    </ClInclude>
    <ClInclude Include="E:\Libraries\PhysX\physx\source\physx\src\NpPBDMaterial.h">
      <Filter>src\materials</Filter>
    </ClInclude>
    <ClInclude Include="E:\Libraries\PhysX\physx\source\physx\src\NpArticulationReducedCoordinate.h">
      <Filter>src\articulations</Filter>
    </ClInclude>
    <ClInclude Include="E:\Libraries\PhysX\physx\source\physx\src\NpArticulationJointReducedCoordinate.h">
      <Filter>src\articulations</Filter>
    </ClInclude>
    <ClInclude Include="E:\Libraries\PhysX\physx\source\physx\src\NpArticulationLink.h">
      <Filter>src\articulations</Filter>
    </ClInclude>
    <ClInclude Include="E:\Libraries\PhysX\physx\source\physx\src\NpArticulationTendon.h">
      <Filter>src\articulations</Filter>
    </ClInclude>
    <ClInclude Include="E:\Libraries\PhysX\physx\source\physx\src\NpArticulationMimicJoint.h">
      <Filter>src\articulations</Filter>
    </ClInclude>
    <ClInclude Include="E:\Libraries\PhysX\physx\include\gpu\PxGpu.h">
      <Filter>include\gpu</Filter>
    </ClInclude>
    <ClInclude Include="E:\Libraries\PhysX\physx\include\gpu\PxPhysicsGpu.h">
      <Filter>include\gpu</Filter>
    </ClInclude>
    <ClInclude Include="E:\Libraries\PhysX\physx\include\cudamanager\PxCudaContextManager.h">
      <Filter>include\cudamanager</Filter>
    </ClInclude>
    <ClInclude Include="E:\Libraries\PhysX\physx\include\cudamanager\PxCudaContext.h">
      <Filter>include\cudamanager</Filter>
    </ClInclude>
    <ClInclude Include="E:\Libraries\PhysX\physx\include\cudamanager\PxCudaTypes.h">
      <Filter>include\cudamanager</Filter>
    </ClInclude>
    <ClInclude Include="E:\Libraries\PhysX\physx\source\compiler\windows\resource\resource.h">
      <Filter>resource</Filter>
    </ClInclude>
    <ClInclude Include="E:\Libraries\PhysX\physx\include\common\windows\PxWindowsDelayLoadHook.h">
      <Filter>include\common\windows</Filter>
    </ClInclude>
  </ItemGroup>
  <ItemGroup>
    <CustomBuild Include="E:\Libraries\PhysX\physx\source\compiler\cmake\CMakeLists.txt" />
  </ItemGroup>
  <ItemGroup>
    <ResourceCompile Include="E:\Libraries\PhysX\physx\source\compiler\windows\resource\PhysX.rc">
      <Filter>resource</Filter>
    </ResourceCompile>
  </ItemGroup>
  <ItemGroup>
    <Filter Include="include">
      <UniqueIdentifier>{7A84F8D4-5AD4-36D8-BFFB-B27F007317D0}</UniqueIdentifier>
    </Filter>
    <Filter Include="include\collision">
      <UniqueIdentifier>{7FAC076E-3334-36BE-96C5-DF891C3766FC}</UniqueIdentifier>
    </Filter>
    <Filter Include="include\common">
      <UniqueIdentifier>{56DADDE9-95C8-3FE7-BE73-892391FE7509}</UniqueIdentifier>
    </Filter>
    <Filter Include="include\common\windows">
      <UniqueIdentifier>{6DACBCFD-554A-3847-A27B-0F60BBF5BF42}</UniqueIdentifier>
    </Filter>
    <Filter Include="include\cudamanager">
      <UniqueIdentifier>{3D35891D-B323-3F7C-B970-B5801B160496}</UniqueIdentifier>
    </Filter>
    <Filter Include="include\gpu">
      <UniqueIdentifier>{6D29E2C3-98AA-3C39-91FE-946C89C0E88C}</UniqueIdentifier>
    </Filter>
    <Filter Include="include\materials">
      <UniqueIdentifier>{F7BE76BB-64BD-3B66-AD54-BD287B2DF6E2}</UniqueIdentifier>
    </Filter>
    <Filter Include="include\omnipvd">
      <UniqueIdentifier>{EF7EC862-69F6-3E83-9508-94BE48883D58}</UniqueIdentifier>
    </Filter>
    <Filter Include="include\pvd">
      <UniqueIdentifier>{3E8EBFCD-3B57-32D1-B3DE-4DFBC6DA44A5}</UniqueIdentifier>
    </Filter>
    <Filter Include="include\solver">
      <UniqueIdentifier>{88339C9D-B68C-3E3D-B183-048DD2A172D0}</UniqueIdentifier>
    </Filter>
    <Filter Include="metadata">
      <UniqueIdentifier>{FA3084B9-D980-3174-A91E-8799BE720233}</UniqueIdentifier>
    </Filter>
    <Filter Include="metadata\include">
      <UniqueIdentifier>{665C66B5-1929-3F2A-95BB-F4D80A64D2BA}</UniqueIdentifier>
    </Filter>
    <Filter Include="metadata\src">
      <UniqueIdentifier>{E5E421F1-3FC9-3B72-B4F8-500CDB1D51E3}</UniqueIdentifier>
    </Filter>
    <Filter Include="resource">
      <UniqueIdentifier>{1CC2E231-F46D-36E4-8FF7-78E480773D27}</UniqueIdentifier>
    </Filter>
    <Filter Include="src">
      <UniqueIdentifier>{6DF3C7B3-C85D-31B0-B9B2-C8077133231B}</UniqueIdentifier>
    </Filter>
    <Filter Include="src\articulations">
      <UniqueIdentifier>{13F6D11A-2C66-30A5-9400-7E57763EC4A7}</UniqueIdentifier>
    </Filter>
    <Filter Include="src\gpu">
      <UniqueIdentifier>{897436E4-AA56-3D2B-962F-1EA18C7243B0}</UniqueIdentifier>
    </Filter>
    <Filter Include="src\immediatemode">
      <UniqueIdentifier>{0FA1A897-0863-3AA2-BEFC-541624E8677A}</UniqueIdentifier>
    </Filter>
    <Filter Include="src\materials">
      <UniqueIdentifier>{1664562E-78E4-32E0-8EC1-5FC015E87F36}</UniqueIdentifier>
    </Filter>
    <Filter Include="src\omnipvd">
      <UniqueIdentifier>{B5813CAD-BF60-33E9-AC47-B58EC3297FB5}</UniqueIdentifier>
    </Filter>
    <Filter Include="src\pvd">
      <UniqueIdentifier>{1CF8908F-27F8-396A-8B5E-E25C55E2825D}</UniqueIdentifier>
    </Filter>
    <Filter Include="src\windows">
      <UniqueIdentifier>{386F5765-2CC9-36BD-8260-A688C365625B}</UniqueIdentifier>
    </Filter>
  </ItemGroup>
</Project>
