<?xml version="1.0" encoding="utf-8"?>
<Project ToolsVersion="17.0" xmlns="http://schemas.microsoft.com/developer/msbuild/2003">
  <ItemGroup>
    <CustomBuild Include="E:\Libraries\PhysX\physx\compiler\vc17win64-cpu-only\CMakeFiles\77e98d473667e616d5ff3f96cd1d0a69\INSTALL_force.rule">
      <Filter>CMake Rules</Filter>
    </CustomBuild>
  </ItemGroup>
  <ItemGroup>
    <Filter Include="CMake Rules">
      <UniqueIdentifier>{5807A6A9-C919-367B-94E6-3333A8F3DC68}</UniqueIdentifier>
    </Filter>
  </ItemGroup>
</Project>
