<?xml version="1.0" encoding="utf-8"?>
<Project ToolsVersion="17.0" xmlns="http://schemas.microsoft.com/developer/msbuild/2003">
  <ItemGroup>
    <ClCompile Include="E:\Libraries\PhysX\physx\snippets\snippetcommon\ClassicMain.cpp">
      <Filter>Source Files</Filter>
    </ClCompile>
    <ClCompile Include="E:\Libraries\PhysX\physx\snippets\snippetvehicledirectdrive\SnippetVehicleDirectDrive.cpp">
      <Filter>Source Files</Filter>
    </ClCompile>
    <ClCompile Include="E:\Libraries\PhysX\physx\snippets\snippetvehiclecommon\base\Base.cpp">
      <Filter>common\base</Filter>
    </ClCompile>
    <ClCompile Include="E:\Libraries\PhysX\physx\snippets\snippetvehiclecommon\directdrivetrain\DirectDrivetrain.cpp">
      <Filter>common\directdrivetrain</Filter>
    </ClCompile>
    <ClCompile Include="E:\Libraries\PhysX\physx\snippets\snippetvehiclecommon\enginedrivetrain\EngineDrivetrain.cpp">
      <Filter>common\enginedrivetrain</Filter>
    </ClCompile>
    <ClCompile Include="E:\Libraries\PhysX\physx\snippets\snippetvehiclecommon\physxintegration\PhysXIntegration.cpp">
      <Filter>common\physxintegration</Filter>
    </ClCompile>
    <ClCompile Include="E:\Libraries\PhysX\physx\snippets\snippetvehiclecommon\serialization\BaseSerialization.cpp">
      <Filter>common\serialization</Filter>
    </ClCompile>
    <ClCompile Include="E:\Libraries\PhysX\physx\snippets\snippetvehiclecommon\serialization\DirectDrivetrainSerialization.cpp">
      <Filter>common\serialization</Filter>
    </ClCompile>
    <ClCompile Include="E:\Libraries\PhysX\physx\snippets\snippetvehiclecommon\serialization\EngineDrivetrainSerialization.cpp">
      <Filter>common\serialization</Filter>
    </ClCompile>
    <ClCompile Include="E:\Libraries\PhysX\physx\snippets\snippetvehiclecommon\serialization\SerializationCommon.cpp">
      <Filter>common\serialization</Filter>
    </ClCompile>
    <ClCompile Include="E:\Libraries\PhysX\physx\snippets\snippetvehiclecommon\SnippetVehicleHelpers.cpp">
      <Filter>common</Filter>
    </ClCompile>
    <ClCompile Include="E:\Libraries\PhysX\physx\snippets\snippetvehiclecommon\SnippetVehicleRender.cpp">
      <Filter>common</Filter>
    </ClCompile>
  </ItemGroup>
  <ItemGroup>
    <ClInclude Include="E:\Libraries\PhysX\physx\snippets\snippetvehiclecommon\base\Base.h">
      <Filter>common\base</Filter>
    </ClInclude>
    <ClInclude Include="E:\Libraries\PhysX\physx\snippets\snippetvehiclecommon\directdrivetrain\DirectDrivetrain.h">
      <Filter>common\directdrivetrain</Filter>
    </ClInclude>
    <ClInclude Include="E:\Libraries\PhysX\physx\snippets\snippetvehiclecommon\enginedrivetrain\EngineDrivetrain.h">
      <Filter>common\enginedrivetrain</Filter>
    </ClInclude>
    <ClInclude Include="E:\Libraries\PhysX\physx\snippets\snippetvehiclecommon\physxintegration\PhysXIntegration.h">
      <Filter>common\physxintegration</Filter>
    </ClInclude>
    <ClInclude Include="E:\Libraries\PhysX\physx\snippets\snippetvehiclecommon\serialization\BaseSerialization.h">
      <Filter>common\serialization</Filter>
    </ClInclude>
    <ClInclude Include="E:\Libraries\PhysX\physx\snippets\snippetvehiclecommon\serialization\DirectDrivetrainSerialization.h">
      <Filter>common\serialization</Filter>
    </ClInclude>
    <ClInclude Include="E:\Libraries\PhysX\physx\snippets\snippetvehiclecommon\serialization\EngineDrivetrainSerialization.h">
      <Filter>common\serialization</Filter>
    </ClInclude>
    <ClInclude Include="E:\Libraries\PhysX\physx\snippets\snippetvehiclecommon\serialization\SerializationCommon.h">
      <Filter>common\serialization</Filter>
    </ClInclude>
    <ClInclude Include="E:\Libraries\PhysX\physx\snippets\snippetvehiclecommon\SnippetVehicleHelpers.h">
      <Filter>common</Filter>
    </ClInclude>
    <ClInclude Include="C:\packman-repo\chk\rapidjson\1.1.0-67fac85-073453e1\include\rapidjson\allocators.h">
      <Filter>common\rapidjson</Filter>
    </ClInclude>
    <ClInclude Include="C:\packman-repo\chk\rapidjson\1.1.0-67fac85-073453e1\include\rapidjson\cursorstreamwrapper.h">
      <Filter>common\rapidjson</Filter>
    </ClInclude>
    <ClInclude Include="C:\packman-repo\chk\rapidjson\1.1.0-67fac85-073453e1\include\rapidjson\document.h">
      <Filter>common\rapidjson</Filter>
    </ClInclude>
    <ClInclude Include="C:\packman-repo\chk\rapidjson\1.1.0-67fac85-073453e1\include\rapidjson\encodedstream.h">
      <Filter>common\rapidjson</Filter>
    </ClInclude>
    <ClInclude Include="C:\packman-repo\chk\rapidjson\1.1.0-67fac85-073453e1\include\rapidjson\encodings.h">
      <Filter>common\rapidjson</Filter>
    </ClInclude>
    <ClInclude Include="C:\packman-repo\chk\rapidjson\1.1.0-67fac85-073453e1\include\rapidjson\error\en.h">
      <Filter>common\rapidjson</Filter>
    </ClInclude>
    <ClInclude Include="C:\packman-repo\chk\rapidjson\1.1.0-67fac85-073453e1\include\rapidjson\error\error.h">
      <Filter>common\rapidjson</Filter>
    </ClInclude>
    <ClInclude Include="C:\packman-repo\chk\rapidjson\1.1.0-67fac85-073453e1\include\rapidjson\filereadstream.h">
      <Filter>common\rapidjson</Filter>
    </ClInclude>
    <ClInclude Include="C:\packman-repo\chk\rapidjson\1.1.0-67fac85-073453e1\include\rapidjson\filewritestream.h">
      <Filter>common\rapidjson</Filter>
    </ClInclude>
    <ClInclude Include="C:\packman-repo\chk\rapidjson\1.1.0-67fac85-073453e1\include\rapidjson\fwd.h">
      <Filter>common\rapidjson</Filter>
    </ClInclude>
    <ClInclude Include="C:\packman-repo\chk\rapidjson\1.1.0-67fac85-073453e1\include\rapidjson\internal\biginteger.h">
      <Filter>common\rapidjson</Filter>
    </ClInclude>
    <ClInclude Include="C:\packman-repo\chk\rapidjson\1.1.0-67fac85-073453e1\include\rapidjson\internal\diyfp.h">
      <Filter>common\rapidjson</Filter>
    </ClInclude>
    <ClInclude Include="C:\packman-repo\chk\rapidjson\1.1.0-67fac85-073453e1\include\rapidjson\internal\dtoa.h">
      <Filter>common\rapidjson</Filter>
    </ClInclude>
    <ClInclude Include="C:\packman-repo\chk\rapidjson\1.1.0-67fac85-073453e1\include\rapidjson\internal\ieee754.h">
      <Filter>common\rapidjson</Filter>
    </ClInclude>
    <ClInclude Include="C:\packman-repo\chk\rapidjson\1.1.0-67fac85-073453e1\include\rapidjson\internal\itoa.h">
      <Filter>common\rapidjson</Filter>
    </ClInclude>
    <ClInclude Include="C:\packman-repo\chk\rapidjson\1.1.0-67fac85-073453e1\include\rapidjson\internal\meta.h">
      <Filter>common\rapidjson</Filter>
    </ClInclude>
    <ClInclude Include="C:\packman-repo\chk\rapidjson\1.1.0-67fac85-073453e1\include\rapidjson\internal\pow10.h">
      <Filter>common\rapidjson</Filter>
    </ClInclude>
    <ClInclude Include="C:\packman-repo\chk\rapidjson\1.1.0-67fac85-073453e1\include\rapidjson\internal\regex.h">
      <Filter>common\rapidjson</Filter>
    </ClInclude>
    <ClInclude Include="C:\packman-repo\chk\rapidjson\1.1.0-67fac85-073453e1\include\rapidjson\internal\stack.h">
      <Filter>common\rapidjson</Filter>
    </ClInclude>
    <ClInclude Include="C:\packman-repo\chk\rapidjson\1.1.0-67fac85-073453e1\include\rapidjson\internal\strfunc.h">
      <Filter>common\rapidjson</Filter>
    </ClInclude>
    <ClInclude Include="C:\packman-repo\chk\rapidjson\1.1.0-67fac85-073453e1\include\rapidjson\internal\strtod.h">
      <Filter>common\rapidjson</Filter>
    </ClInclude>
    <ClInclude Include="C:\packman-repo\chk\rapidjson\1.1.0-67fac85-073453e1\include\rapidjson\internal\swap.h">
      <Filter>common\rapidjson</Filter>
    </ClInclude>
    <ClInclude Include="C:\packman-repo\chk\rapidjson\1.1.0-67fac85-073453e1\include\rapidjson\istreamwrapper.h">
      <Filter>common\rapidjson</Filter>
    </ClInclude>
    <ClInclude Include="C:\packman-repo\chk\rapidjson\1.1.0-67fac85-073453e1\include\rapidjson\memorybuffer.h">
      <Filter>common\rapidjson</Filter>
    </ClInclude>
    <ClInclude Include="C:\packman-repo\chk\rapidjson\1.1.0-67fac85-073453e1\include\rapidjson\memorystream.h">
      <Filter>common\rapidjson</Filter>
    </ClInclude>
    <ClInclude Include="C:\packman-repo\chk\rapidjson\1.1.0-67fac85-073453e1\include\rapidjson\msinttypes\inttypes.h">
      <Filter>common\rapidjson</Filter>
    </ClInclude>
    <ClInclude Include="C:\packman-repo\chk\rapidjson\1.1.0-67fac85-073453e1\include\rapidjson\msinttypes\stdint.h">
      <Filter>common\rapidjson</Filter>
    </ClInclude>
    <ClInclude Include="C:\packman-repo\chk\rapidjson\1.1.0-67fac85-073453e1\include\rapidjson\ostreamwrapper.h">
      <Filter>common\rapidjson</Filter>
    </ClInclude>
    <ClInclude Include="C:\packman-repo\chk\rapidjson\1.1.0-67fac85-073453e1\include\rapidjson\pointer.h">
      <Filter>common\rapidjson</Filter>
    </ClInclude>
    <ClInclude Include="C:\packman-repo\chk\rapidjson\1.1.0-67fac85-073453e1\include\rapidjson\prettywriter.h">
      <Filter>common\rapidjson</Filter>
    </ClInclude>
    <ClInclude Include="C:\packman-repo\chk\rapidjson\1.1.0-67fac85-073453e1\include\rapidjson\rapidjson.h">
      <Filter>common\rapidjson</Filter>
    </ClInclude>
    <ClInclude Include="C:\packman-repo\chk\rapidjson\1.1.0-67fac85-073453e1\include\rapidjson\reader.h">
      <Filter>common\rapidjson</Filter>
    </ClInclude>
    <ClInclude Include="C:\packman-repo\chk\rapidjson\1.1.0-67fac85-073453e1\include\rapidjson\schema.h">
      <Filter>common\rapidjson</Filter>
    </ClInclude>
    <ClInclude Include="C:\packman-repo\chk\rapidjson\1.1.0-67fac85-073453e1\include\rapidjson\stream.h">
      <Filter>common\rapidjson</Filter>
    </ClInclude>
    <ClInclude Include="C:\packman-repo\chk\rapidjson\1.1.0-67fac85-073453e1\include\rapidjson\stringbuffer.h">
      <Filter>common\rapidjson</Filter>
    </ClInclude>
    <ClInclude Include="C:\packman-repo\chk\rapidjson\1.1.0-67fac85-073453e1\include\rapidjson\writer.h">
      <Filter>common\rapidjson</Filter>
    </ClInclude>
  </ItemGroup>
  <ItemGroup>
    <CustomBuild Include="E:\Libraries\PhysX\physx\snippets\compiler\cmake\CMakeLists.txt" />
  </ItemGroup>
  <ItemGroup>
    <Filter Include="Source Files">
      <UniqueIdentifier>{8E689C82-9A58-3F4D-B660-B3B7CE471ED7}</UniqueIdentifier>
    </Filter>
    <Filter Include="common">
      <UniqueIdentifier>{24F7343D-0BE8-37EC-97FF-C3C2C7F91AA1}</UniqueIdentifier>
    </Filter>
    <Filter Include="common\base">
      <UniqueIdentifier>{249127A9-9727-37AB-81FA-92E666614BA6}</UniqueIdentifier>
    </Filter>
    <Filter Include="common\directdrivetrain">
      <UniqueIdentifier>{04EBB119-9FED-31DE-8FE3-CE2D96E30C63}</UniqueIdentifier>
    </Filter>
    <Filter Include="common\enginedrivetrain">
      <UniqueIdentifier>{0BD1A20F-3B49-3E07-AB83-1CC9A2AE03DB}</UniqueIdentifier>
    </Filter>
    <Filter Include="common\physxintegration">
      <UniqueIdentifier>{BD88607A-6544-3BED-80F8-1427FD7E5449}</UniqueIdentifier>
    </Filter>
    <Filter Include="common\rapidjson">
      <UniqueIdentifier>{2773645C-D9F0-3639-94BE-9BAC68300440}</UniqueIdentifier>
    </Filter>
    <Filter Include="common\serialization">
      <UniqueIdentifier>{58DA3A5F-871E-324A-9F7D-96F140654632}</UniqueIdentifier>
    </Filter>
  </ItemGroup>
</Project>
